<?xml version="1.0" encoding="utf-8"?>
<Project ToolsVersion="4.0" xmlns="http://schemas.microsoft.com/developer/msbuild/2003">
  <ItemGroup>
    <Filter Include="Arquivos de Origem">
      <UniqueIdentifier>{4FC737F1-C7A5-4376-A066-2A32D752A2FF}</UniqueIdentifier>
      <Extensions>cpp;c;cc;cxx;c++;cppm;ixx;def;odl;idl;hpj;bat;asm;asmx</Extensions>
    </Filter>
    <Filter Include="Arquivos de Cabeçalho">
      <UniqueIdentifier>{93995380-89BD-4b04-88EB-625FBE52EBFB}</UniqueIdentifier>
      <Extensions>h;hh;hpp;hxx;h++;hm;inl;inc;ipp;xsd</Extensions>
    </Filter>
    <Filter Include="Arquivos de Recurso">
      <UniqueIdentifier>{67DA6AB6-F800-4c08-8B7A-83BB121AAD01}</UniqueIdentifier>
      <Extensions>rc;ico;cur;bmp;dlg;rc2;rct;bin;rgs;gif;jpg;jpeg;jpe;resx;tiff;tif;png;wav;mfcribbon-ms</Extensions>
    </Filter>
    <Filter Include="Arquivos de Origem\classes">
      <UniqueIdentifier>{0088c706-41b4-4be0-9278-812414324743}</UniqueIdentifier>
    </Filter>
    <Filter Include="Arquivos de Origem\utils">
      <UniqueIdentifier>{b419adf8-2201-499c-9707-a724adc3e13b}</UniqueIdentifier>
    </Filter>
    <Filter Include="Arquivos de Origem\images">
      <UniqueIdentifier>{ea322ead-0d59-4178-a6c6-0bcb9eae60cf}</UniqueIdentifier>
    </Filter>
  </ItemGroup>
  <ItemGroup>
    <ClCompile Include="project2.c">
      <Filter>Arquivos de Origem</Filter>
    </ClCompile>
    <ClCompile Include="character.c">
      <Filter>Arquivos de Origem\classes</Filter>
    </ClCompile>
    <ClCompile Include="utils.c">
      <Filter>Arquivos de Origem\utils</Filter>
    </ClCompile>
    <ClCompile Include="stage.c">
      <Filter>Arquivos de Origem</Filter>
    </ClCompile>
    <ClCompile Include="structs.c">
      <Filter>Arquivos de Origem</Filter>
    </ClCompile>
  </ItemGroup>
  <ItemGroup>
    <None Include="packages.config" />
  </ItemGroup>
  <ItemGroup>
    <ClInclude Include="resource.h">
      <Filter>Arquivos de Cabeçalho</Filter>
    </ClInclude>
    <ClInclude Include="character.h">
      <Filter>Arquivos de Cabeçalho</Filter>
    </ClInclude>
    <ClInclude Include="utils.h">
      <Filter>Arquivos de Cabeçalho</Filter>
    </ClInclude>
    <ClInclude Include="stage.h">
      <Filter>Arquivos de Cabeçalho</Filter>
    </ClInclude>
    <ClInclude Include="structs.h">
      <Filter>Arquivos de Cabeçalho</Filter>
    </ClInclude>
  </ItemGroup>
  <ItemGroup>
    <ResourceCompile Include="project2.rc">
      <Filter>Arquivos de Recurso</Filter>
    </ResourceCompile>
  </ItemGroup>
  <ItemGroup>
    <Image Include="..\..\..\..\Downloads\principal.png">
      <Filter>Arquivos de Origem</Filter>
    </Image>
  </ItemGroup>
</Project>